
Microsoft Visual Studio Solution File, Format Version 12.00
# Visual Studio 15
VisualStudioVersion = 15.0.27428.2011
MinimumVisualStudioVersion = 10.0.40219.1
Project("{FAE04EC0-301F-11D3-BF4B-00C04F79EFBC}") = "CasaDoCodigo", "CasaDoCodigo\CasaDoCodigo.csproj", "{4C3389B9-DA2E-4A62-8A8B-9F3B53D22FE9}"
EndProject
Global
	GlobalSection(SolutionConfigurationPlatforms) = preSolution
		Debug|Any CPU = Debug|Any CPU
		Release|Any CPU = Release|Any CPU
	EndGlobalSection
	GlobalSection(ProjectConfigurationPlatforms) = postSolution
		{4C3389B9-DA2E-4A62-8A8B-9F3B53D22FE9}.Debug|Any CPU.ActiveCfg = Debug|Any CPU
		{4C3389B9-DA2E-4A62-8A8B-9F3B53D22FE9}.Debug|Any CPU.Build.0 = Debug|Any CPU
		{4C3389B9-DA2E-4A62-8A8B-9F3B53D22FE9}.Release|Any CPU.ActiveCfg = Release|Any CPU
		{4C3389B9-DA2E-4A62-8A8B-9F3B53D22FE9}.Release|Any CPU.Build.0 = Release|Any CPU
	EndGlobalSection
	GlobalSection(SolutionProperties) = preSolution
		HideSolutionNode = FALSE
	EndGlobalSection
	GlobalSection(ExtensibilityGlobals) = postSolution
		SolutionGuid = {EB032B22-934D-4ADD-B10E-CEBBC9EC7444}
	EndGlobalSection
EndGlobal
